
Microsoft Visual Studio Solution File, Format Version 12.00
# Visual Studio Version 16
VisualStudioVersion = 16.0.31613.86
MinimumVisualStudioVersion = 10.0.40219.1
Project("{FAE04EC0-301F-11D3-BF4B-00C04F79EFBC}") = "MP3Tagger", "MP3Tagger.csproj", "{4829CAD2-F642-4938-A4CA-D9A2BC499BE8}"
EndProject
Global
	GlobalSection(SolutionConfigurationPlatforms) = preSolution
		Debug|Any CPU = Debug|Any CPU
		Release|Any CPU = Release|Any CPU
	EndGlobalSection
	GlobalSection(ProjectConfigurationPlatforms) = postSolution
		{4829CAD2-F642-4938-A4CA-D9A2BC499BE8}.Debug|Any CPU.ActiveCfg = Debug|Any CPU
		{4829CAD2-F642-4938-A4CA-D9A2BC499BE8}.Debug|Any CPU.Build.0 = Debug|Any CPU
		{4829CAD2-F642-4938-A4CA-D9A2BC499BE8}.Release|Any CPU.ActiveCfg = Release|Any CPU
		{4829CAD2-F642-4938-A4CA-D9A2BC499BE8}.Release|Any CPU.Build.0 = Release|Any CPU
	EndGlobalSection
	GlobalSection(SolutionProperties) = preSolution
		HideSolutionNode = FALSE
	EndGlobalSection
	GlobalSection(ExtensibilityGlobals) = postSolution
		SolutionGuid = {EEA0572D-7151-4506-B2BA-3C2117BE7BCE}
	EndGlobalSection
EndGlobal
